
Microsoft Visual Studio Solution File, Format Version 12.00
# Visual Studio Version 17
VisualStudioVersion = 17.9.34310.174
MinimumVisualStudioVersion = 10.0.40219.1
Project("{FAE04EC0-301F-11D3-BF4B-00C04F79EFBC}") = "MauiApp1", "MauiApp1.csproj", "{34DF2113-124B-4815-AC1B-3F77B238CA94}"
EndProject
Global
	GlobalSection(SolutionConfigurationPlatforms) = preSolution
		Debug|Any CPU = Debug|Any CPU
		Release|Any CPU = Release|Any CPU
	EndGlobalSection
	GlobalSection(ProjectConfigurationPlatforms) = postSolution
		{34DF2113-124B-4815-AC1B-3F77B238CA94}.Debug|Any CPU.ActiveCfg = Debug|Any CPU
		{34DF2113-124B-4815-AC1B-3F77B238CA94}.Debug|Any CPU.Build.0 = Debug|Any CPU
		{34DF2113-124B-4815-AC1B-3F77B238CA94}.Debug|Any CPU.Deploy.0 = Debug|Any CPU
		{34DF2113-124B-4815-AC1B-3F77B238CA94}.Release|Any CPU.ActiveCfg = Release|Any CPU
		{34DF2113-124B-4815-AC1B-3F77B238CA94}.Release|Any CPU.Build.0 = Release|Any CPU
		{34DF2113-124B-4815-AC1B-3F77B238CA94}.Release|Any CPU.Deploy.0 = Release|Any CPU
	EndGlobalSection
	GlobalSection(SolutionProperties) = preSolution
		HideSolutionNode = FALSE
	EndGlobalSection
	GlobalSection(ExtensibilityGlobals) = postSolution
		SolutionGuid = {60244E2C-C60F-4A48-843E-A31B7914B7E0}
	EndGlobalSection
EndGlobal
